
Microsoft Visual Studio Solution File, Format Version 12.00
# Visual Studio Version 16
VisualStudioVersion = 16.0.29721.120
MinimumVisualStudioVersion = 10.0.40219.1
Project("{FAE04EC0-301F-11D3-BF4B-00C04F79EFBC}") = "BlazorRepl", "BlazorRepl\BlazorRepl.csproj", "{283F833A-5E26-46E9-BCF7-A80F0AA80520}"
EndProject
Global
	GlobalSection(SolutionConfigurationPlatforms) = preSolution
		Debug|Any CPU = Debug|Any CPU
		Release|Any CPU = Release|Any CPU
	EndGlobalSection
	GlobalSection(ProjectConfigurationPlatforms) = postSolution
		{283F833A-5E26-46E9-BCF7-A80F0AA80520}.Debug|Any CPU.ActiveCfg = Debug|Any CPU
		{283F833A-5E26-46E9-BCF7-A80F0AA80520}.Debug|Any CPU.Build.0 = Debug|Any CPU
		{283F833A-5E26-46E9-BCF7-A80F0AA80520}.Release|Any CPU.ActiveCfg = Release|Any CPU
		{283F833A-5E26-46E9-BCF7-A80F0AA80520}.Release|Any CPU.Build.0 = Release|Any CPU
	EndGlobalSection
	GlobalSection(SolutionProperties) = preSolution
		HideSolutionNode = FALSE
	EndGlobalSection
	GlobalSection(ExtensibilityGlobals) = postSolution
		SolutionGuid = {7BC08EE4-974D-41EE-88F3-F4C56D368145}
	EndGlobalSection
EndGlobal
